
Microsoft Visual Studio Solution File, Format Version 12.00
# Visual Studio 15
VisualStudioVersion = 15.0.26730.15
MinimumVisualStudioVersion = 10.0.40219.1
Project("{9A19103F-16F7-4668-BE54-9A1E7A4F7556}") = "Nats.Services.Core", "Nats.Services.Core\Nats.Services.Core.csproj", "{B5F8CF26-2D9C-4DC1-83AC-2C90BC8CE3BC}"
EndProject
Project("{9A19103F-16F7-4668-BE54-9A1E7A4F7556}") = "DemoClient", "Nats.Services.Demo\DemoClient\DemoClient.csproj", "{C9656D1D-EAA9-446B-833F-C8BA9E510D5A}"
EndProject
Project("{9A19103F-16F7-4668-BE54-9A1E7A4F7556}") = "DemoServer", "Nats.Services.Demo\DemoServer\DemoServer.csproj", "{BBFD3D23-59BC-4487-AD51-EE7DC7FF754D}"
EndProject
Project("{9A19103F-16F7-4668-BE54-9A1E7A4F7556}") = "DemoService", "Nats.Services.Demo\DemoService\DemoService.csproj", "{FEC6FDCF-30C3-405B-91AF-A44560D9F10D}"
EndProject
Project("{2150E333-8FDC-42A3-9474-1A3956D46DE8}") = "BasicDemo", "BasicDemo", "{9D7EE2F5-9E1A-4B4E-81A7-4B81C4058752}"
EndProject
Project("{2150E333-8FDC-42A3-9474-1A3956D46DE8}") = "Demos", "Demos", "{CE440DFD-927E-43B3-8266-95E58394B9C8}"
EndProject
Project("{2150E333-8FDC-42A3-9474-1A3956D46DE8}") = "KeyValueStoreDemo", "KeyValueStoreDemo", "{D2E984ED-3AF9-4571-9C10-35371C366733}"
EndProject
Project("{FAE04EC0-301F-11D3-BF4B-00C04F79EFBC}") = "StoreClient", "Nats.Services.KeyValueStoreDemo\StoreClient\StoreClient.csproj", "{84C779BE-EBD7-4BAE-B52E-54B94D471B13}"
EndProject
Project("{FAE04EC0-301F-11D3-BF4B-00C04F79EFBC}") = "StoreServer", "Nats.Services.KeyValueStoreDemo\StoreServer\StoreServer.csproj", "{4ADF8B28-B0A0-45F9-8949-161F7AD8C751}"
EndProject
Project("{FAE04EC0-301F-11D3-BF4B-00C04F79EFBC}") = "StoreServices", "Nats.Services.KeyValueStoreDemo\StoreServices\StoreServices.csproj", "{D0477962-CFB1-4BB0-9DE5-B2D474B5D303}"
EndProject
Global
	GlobalSection(SolutionConfigurationPlatforms) = preSolution
		Debug|Any CPU = Debug|Any CPU
		Release|Any CPU = Release|Any CPU
	EndGlobalSection
	GlobalSection(ProjectConfigurationPlatforms) = postSolution
		{B5F8CF26-2D9C-4DC1-83AC-2C90BC8CE3BC}.Debug|Any CPU.ActiveCfg = Debug|Any CPU
		{B5F8CF26-2D9C-4DC1-83AC-2C90BC8CE3BC}.Debug|Any CPU.Build.0 = Debug|Any CPU
		{B5F8CF26-2D9C-4DC1-83AC-2C90BC8CE3BC}.Release|Any CPU.ActiveCfg = Release|Any CPU
		{B5F8CF26-2D9C-4DC1-83AC-2C90BC8CE3BC}.Release|Any CPU.Build.0 = Release|Any CPU
		{C9656D1D-EAA9-446B-833F-C8BA9E510D5A}.Debug|Any CPU.ActiveCfg = Debug|Any CPU
		{C9656D1D-EAA9-446B-833F-C8BA9E510D5A}.Debug|Any CPU.Build.0 = Debug|Any CPU
		{C9656D1D-EAA9-446B-833F-C8BA9E510D5A}.Release|Any CPU.ActiveCfg = Release|Any CPU
		{C9656D1D-EAA9-446B-833F-C8BA9E510D5A}.Release|Any CPU.Build.0 = Release|Any CPU
		{BBFD3D23-59BC-4487-AD51-EE7DC7FF754D}.Debug|Any CPU.ActiveCfg = Debug|Any CPU
		{BBFD3D23-59BC-4487-AD51-EE7DC7FF754D}.Debug|Any CPU.Build.0 = Debug|Any CPU
		{BBFD3D23-59BC-4487-AD51-EE7DC7FF754D}.Release|Any CPU.ActiveCfg = Release|Any CPU
		{BBFD3D23-59BC-4487-AD51-EE7DC7FF754D}.Release|Any CPU.Build.0 = Release|Any CPU
		{FEC6FDCF-30C3-405B-91AF-A44560D9F10D}.Debug|Any CPU.ActiveCfg = Debug|Any CPU
		{FEC6FDCF-30C3-405B-91AF-A44560D9F10D}.Debug|Any CPU.Build.0 = Debug|Any CPU
		{FEC6FDCF-30C3-405B-91AF-A44560D9F10D}.Release|Any CPU.ActiveCfg = Release|Any CPU
		{FEC6FDCF-30C3-405B-91AF-A44560D9F10D}.Release|Any CPU.Build.0 = Release|Any CPU
		{84C779BE-EBD7-4BAE-B52E-54B94D471B13}.Debug|Any CPU.ActiveCfg = Debug|Any CPU
		{84C779BE-EBD7-4BAE-B52E-54B94D471B13}.Debug|Any CPU.Build.0 = Debug|Any CPU
		{84C779BE-EBD7-4BAE-B52E-54B94D471B13}.Release|Any CPU.ActiveCfg = Release|Any CPU
		{84C779BE-EBD7-4BAE-B52E-54B94D471B13}.Release|Any CPU.Build.0 = Release|Any CPU
		{4ADF8B28-B0A0-45F9-8949-161F7AD8C751}.Debug|Any CPU.ActiveCfg = Debug|Any CPU
		{4ADF8B28-B0A0-45F9-8949-161F7AD8C751}.Debug|Any CPU.Build.0 = Debug|Any CPU
		{4ADF8B28-B0A0-45F9-8949-161F7AD8C751}.Release|Any CPU.ActiveCfg = Release|Any CPU
		{4ADF8B28-B0A0-45F9-8949-161F7AD8C751}.Release|Any CPU.Build.0 = Release|Any CPU
		{D0477962-CFB1-4BB0-9DE5-B2D474B5D303}.Debug|Any CPU.ActiveCfg = Debug|Any CPU
		{D0477962-CFB1-4BB0-9DE5-B2D474B5D303}.Debug|Any CPU.Build.0 = Debug|Any CPU
		{D0477962-CFB1-4BB0-9DE5-B2D474B5D303}.Release|Any CPU.ActiveCfg = Release|Any CPU
		{D0477962-CFB1-4BB0-9DE5-B2D474B5D303}.Release|Any CPU.Build.0 = Release|Any CPU
	EndGlobalSection
	GlobalSection(SolutionProperties) = preSolution
		HideSolutionNode = FALSE
	EndGlobalSection
	GlobalSection(NestedProjects) = preSolution
		{C9656D1D-EAA9-446B-833F-C8BA9E510D5A} = {9D7EE2F5-9E1A-4B4E-81A7-4B81C4058752}
		{BBFD3D23-59BC-4487-AD51-EE7DC7FF754D} = {9D7EE2F5-9E1A-4B4E-81A7-4B81C4058752}
		{FEC6FDCF-30C3-405B-91AF-A44560D9F10D} = {9D7EE2F5-9E1A-4B4E-81A7-4B81C4058752}
		{9D7EE2F5-9E1A-4B4E-81A7-4B81C4058752} = {CE440DFD-927E-43B3-8266-95E58394B9C8}
		{D2E984ED-3AF9-4571-9C10-35371C366733} = {CE440DFD-927E-43B3-8266-95E58394B9C8}
		{84C779BE-EBD7-4BAE-B52E-54B94D471B13} = {D2E984ED-3AF9-4571-9C10-35371C366733}
		{4ADF8B28-B0A0-45F9-8949-161F7AD8C751} = {D2E984ED-3AF9-4571-9C10-35371C366733}
		{D0477962-CFB1-4BB0-9DE5-B2D474B5D303} = {D2E984ED-3AF9-4571-9C10-35371C366733}
	EndGlobalSection
	GlobalSection(ExtensibilityGlobals) = postSolution
		SolutionGuid = {D271F198-572F-45B1-8796-4B46CCFF789A}
	EndGlobalSection
EndGlobal
